
Microsoft Visual Studio Solution File, Format Version 12.00
# Visual Studio Version 17
VisualStudioVersion = 17.1.32421.90
MinimumVisualStudioVersion = 10.0.40219.1
Project("{FAE04EC0-301F-11D3-BF4B-00C04F79EFBC}") = "Bff", "Bff.csproj", "{762F8246-8B4B-46E9-B109-9A66C098AF7C}"
EndProject
Global
	GlobalSection(SolutionConfigurationPlatforms) = preSolution
		Debug|Any CPU = Debug|Any CPU
		Release|Any CPU = Release|Any CPU
	EndGlobalSection
	GlobalSection(ProjectConfigurationPlatforms) = postSolution
		{762F8246-8B4B-46E9-B109-9A66C098AF7C}.Debug|Any CPU.ActiveCfg = Debug|Any CPU
		{762F8246-8B4B-46E9-B109-9A66C098AF7C}.Debug|Any CPU.Build.0 = Debug|Any CPU
		{762F8246-8B4B-46E9-B109-9A66C098AF7C}.Release|Any CPU.ActiveCfg = Release|Any CPU
		{762F8246-8B4B-46E9-B109-9A66C098AF7C}.Release|Any CPU.Build.0 = Release|Any CPU
	EndGlobalSection
	GlobalSection(SolutionProperties) = preSolution
		HideSolutionNode = FALSE
	EndGlobalSection
	GlobalSection(ExtensibilityGlobals) = postSolution
		SolutionGuid = {B4718537-AEFA-41F5-942C-B06A4C909C2D}
	EndGlobalSection
EndGlobal
