
Microsoft Visual Studio Solution File, Format Version 12.00
# Visual Studio Version 17
VisualStudioVersion = 17.1.32421.90
MinimumVisualStudioVersion = 10.0.40219.1
Project("{FAE04EC0-301F-11D3-BF4B-00C04F79EFBC}") = "Notifications", "Notifications.csproj", "{DDA10114-0FE0-410A-BDE0-5D8E8B4F4A90}"
EndProject
Global
	GlobalSection(SolutionConfigurationPlatforms) = preSolution
		Debug|Any CPU = Debug|Any CPU
		Release|Any CPU = Release|Any CPU
	EndGlobalSection
	GlobalSection(ProjectConfigurationPlatforms) = postSolution
		{DDA10114-0FE0-410A-BDE0-5D8E8B4F4A90}.Debug|Any CPU.ActiveCfg = Debug|Any CPU
		{DDA10114-0FE0-410A-BDE0-5D8E8B4F4A90}.Debug|Any CPU.Build.0 = Debug|Any CPU
		{DDA10114-0FE0-410A-BDE0-5D8E8B4F4A90}.Release|Any CPU.ActiveCfg = Release|Any CPU
		{DDA10114-0FE0-410A-BDE0-5D8E8B4F4A90}.Release|Any CPU.Build.0 = Release|Any CPU
	EndGlobalSection
	GlobalSection(SolutionProperties) = preSolution
		HideSolutionNode = FALSE
	EndGlobalSection
	GlobalSection(ExtensibilityGlobals) = postSolution
		SolutionGuid = {41121E09-866D-4215-954F-84AB2E681D89}
	EndGlobalSection
EndGlobal
